PODS:
  - GlyuckDataGrid (0.2.1)
  - Nimble (5.0.0)
  - Quick (0.10.0)

DEPENDENCIES:
  - GlyuckDataGrid (from `../`)
  - Nimble
  - Quick

EXTERNAL SOURCES:
  GlyuckDataGrid:
    :path: ../

SPEC CHECKSUMS:
  GlyuckDataGrid: 975d0756b74c241c3be16abe20de5b82999cc945
  Nimble: 56fc9f5020effa2206de22c3dd910f4fb011b92f
  Quick: 5d290df1c69d5ee2f0729956dcf0fd9a30447eaa

PODFILE CHECKSUM: e21efb884f3fce871cdbb16508cfe8ad6cd2c1b3

COCOAPODS: 1.1.0.rc.2
