PODS:
  - GlyuckDataGrid (0.1.0)
  - Nimble (3.0.0)
  - Quick (0.8.0)

DEPENDENCIES:
  - GlyuckDataGrid (from `../`)
  - Nimble
  - Quick

EXTERNAL SOURCES:
  GlyuckDataGrid:
    :path: ../

SPEC CHECKSUMS:
  GlyuckDataGrid: 8ab9f2436327193260d3be452b28b06d0c8309f9
  Nimble: 4c353d43735b38b545cbb4cb91504588eb5de926
  Quick: 563d0f6ec5f72e394645adb377708639b7dd38ab

COCOAPODS: 0.38.2
