// !$*UTF8*$!
{
	archiveVersion = 1;
	classes = {
	};
	objectVersion = 46;
	objects = {

/* Begin PBXBuildFile section */
		2444B292EAC7EBBEB94B4BF2 /* Pods_GlyuckDataGrid_Tests.framework in Frameworks */ = {isa = PBXBuildFile; fileRef = D1FE3BC4233B913291CF3404 /* Pods_GlyuckDataGrid_Tests.framework */; };
		390C05C81B6FBA730040E5D7 /* CollectionViewDataSourceSpec.swift in Sources */ = {isa = PBXBuildFile; fileRef = 390C05C71B6FBA730040E5D7 /* CollectionViewDataSourceSpec.swift */; };
		3941988E1B81FABF008BC0E7 /* CollectionViewDelegateSpec.swift in Sources */ = {isa = PBXBuildFile; fileRef = 3941988C1B81FABC008BC0E7 /* CollectionViewDelegateSpec.swift */; };
		394E845C1C048F600009CD3E /* DataGridViewBaseHeaderCellSpec.swift in Sources */ = {isa = PBXBuildFile; fileRef = 394F1F4D1C046F1500F7F462 /* DataGridViewBaseHeaderCellSpec.swift */; };
		394EA4361B6F498E00328166 /* DataGridViewSpec.swift in Sources */ = {isa = PBXBuildFile; fileRef = 394EA4341B6BDFB100328166 /* DataGridViewSpec.swift */; };
		394EA43C1B6F5DC700328166 /* StubDataGridViewDelegate.swift in Sources */ = {isa = PBXBuildFile; fileRef = 394EA4381B6F5D1C00328166 /* StubDataGridViewDelegate.swift */; };
		394EA43D1B6F5DC900328166 /* StubDataGridViewDataSource.swift in Sources */ = {isa = PBXBuildFile; fileRef = 394EA43A1B6F5D2900328166 /* StubDataGridViewDataSource.swift */; };
		394F1F441C03349C00F7F462 /* MultiplicationTableViewController.swift in Sources */ = {isa = PBXBuildFile; fileRef = 394F1F431C03349C00F7F462 /* MultiplicationTableViewController.swift */; };
		397B94151BFA0267006AB40B /* SpreadSheetViewController.swift in Sources */ = {isa = PBXBuildFile; fileRef = 397B94141BFA0267006AB40B /* SpreadSheetViewController.swift */; };
		397B94191BFA02BC006AB40B /* SpreadSheetCell.swift in Sources */ = {isa = PBXBuildFile; fileRef = 397B94171BFA02BC006AB40B /* SpreadSheetCell.swift */; };
		397B941A1BFA02BC006AB40B /* SpreadSheetCell.xib in Resources */ = {isa = PBXBuildFile; fileRef = 397B94181BFA02BC006AB40B /* SpreadSheetCell.xib */; };
		397B941D1BFB1265006AB40B /* SimpleDataGridViewController.swift in Sources */ = {isa = PBXBuildFile; fileRef = 397B941C1BFB1265006AB40B /* SimpleDataGridViewController.swift */; };
		399D79861B6BD66D0070BC49 /* DataGridViewLayoutSpec.swift in Sources */ = {isa = PBXBuildFile; fileRef = 399D79851B6BD66D0070BC49 /* DataGridViewLayoutSpec.swift */; };
		399D79891B6BD9F00070BC49 /* NSIndexPath+DataGridSpec.swift in Sources */ = {isa = PBXBuildFile; fileRef = 399D79881B6BD9F00070BC49 /* NSIndexPath+DataGridSpec.swift */; };
		39B95ABE1B7B2E7D003DEE52 /* DataGridViewBaseCellSpec.swift in Sources */ = {isa = PBXBuildFile; fileRef = 39B95ABC1B7B2553003DEE52 /* DataGridViewBaseCellSpec.swift */; };
		39B95AC31B7CE3E6003DEE52 /* BorderHelperSpec.swift in Sources */ = {isa = PBXBuildFile; fileRef = 39B95AC11B7CE3E3003DEE52 /* BorderHelperSpec.swift */; };
		39B95AC51B7DC095003DEE52 /* DataSource.swift in Sources */ = {isa = PBXBuildFile; fileRef = 39B95AC41B7DC095003DEE52 /* DataSource.swift */; };
		607FACD61AFB9204008FA782 /* AppDelegate.swift in Sources */ = {isa = PBXBuildFile; fileRef = 607FACD51AFB9204008FA782 /* AppDelegate.swift */; };
		607FACDB1AFB9204008FA782 /* Main.storyboard in Resources */ = {isa = PBXBuildFile; fileRef = 607FACD91AFB9204008FA782 /* Main.storyboard */; };
		607FACDD1AFB9204008FA782 /* Images.xcassets in Resources */ = {isa = PBXBuildFile; fileRef = 607FACDC1AFB9204008FA782 /* Images.xcassets */; };
		607FACE01AFB9204008FA782 /* LaunchScreen.xib in Resources */ = {isa = PBXBuildFile; fileRef = 607FACDE1AFB9204008FA782 /* LaunchScreen.xib */; };
		6A9097EB8BB4B6B337BF27CA /* Pods_GlyuckDataGrid_Example.framework in Frameworks */ = {isa = PBXBuildFile; fileRef = EF663D139FF3117BE1626D0B /* Pods_GlyuckDataGrid_Example.framework */; };
/* End PBXBuildFile section */

/* Begin PBXContainerItemProxy section */
		607FACE61AFB9204008FA782 /* PBXContainerItemProxy */ = {
			isa = PBXContainerItemProxy;
			containerPortal = 607FACC81AFB9204008FA782 /* Project object */;
			proxyType = 1;
			remoteGlobalIDString = 607FACCF1AFB9204008FA782;
			remoteInfo = GlyuckDataGrid;
		};
/* End PBXContainerItemProxy section */

/* Begin PBXFileReference section */
		04AA3CDDD7A3895ECFDD48B6 /* Pods-GlyuckDataGrid_Tests.debug.xcconfig */ = {isa = PBXFileReference; includeInIndex = 1; lastKnownFileType = text.xcconfig; name = "Pods-GlyuckDataGrid_Tests.debug.xcconfig"; path = "Pods/Target Support Files/Pods-GlyuckDataGrid_Tests/Pods-GlyuckDataGrid_Tests.debug.xcconfig"; sourceTree = "<group>"; };
		0E41F53698DC87B16E459BA3 /* GlyuckDataGrid.podspec */ = {isa = PBXFileReference; includeInIndex = 1; lastKnownFileType = text; name = GlyuckDataGrid.podspec; path = ../GlyuckDataGrid.podspec; sourceTree = "<group>"; };
		390C05C71B6FBA730040E5D7 /* CollectionViewDataSourceSpec.swift */ = {isa = PBXFileReference; fileEncoding = 4; lastKnownFileType = sourcecode.swift; path = CollectionViewDataSourceSpec.swift; sourceTree = "<group>"; };
		3941988C1B81FABC008BC0E7 /* CollectionViewDelegateSpec.swift */ = {isa = PBXFileReference; fileEncoding = 4; lastKnownFileType = sourcecode.swift; path = CollectionViewDelegateSpec.swift; sourceTree = "<group>"; };
		394EA4341B6BDFB100328166 /* DataGridViewSpec.swift */ = {isa = PBXFileReference; fileEncoding = 4; lastKnownFileType = sourcecode.swift; path = DataGridViewSpec.swift; sourceTree = "<group>"; };
		394EA4381B6F5D1C00328166 /* StubDataGridViewDelegate.swift */ = {isa = PBXFileReference; fileEncoding = 4; lastKnownFileType = sourcecode.swift; path = StubDataGridViewDelegate.swift; sourceTree = "<group>"; };
		394EA43A1B6F5D2900328166 /* StubDataGridViewDataSource.swift */ = {isa = PBXFileReference; fileEncoding = 4; lastKnownFileType = sourcecode.swift; path = StubDataGridViewDataSource.swift; sourceTree = "<group>"; };
		394F1F431C03349C00F7F462 /* MultiplicationTableViewController.swift */ = {isa = PBXFileReference; fileEncoding = 4; lastKnownFileType = sourcecode.swift; path = MultiplicationTableViewController.swift; sourceTree = "<group>"; };
		394F1F4D1C046F1500F7F462 /* DataGridViewBaseHeaderCellSpec.swift */ = {isa = PBXFileReference; fileEncoding = 4; lastKnownFileType = sourcecode.swift; path = DataGridViewBaseHeaderCellSpec.swift; sourceTree = "<group>"; };
		397B94141BFA0267006AB40B /* SpreadSheetViewController.swift */ = {isa = PBXFileReference; fileEncoding = 4; lastKnownFileType = sourcecode.swift; path = SpreadSheetViewController.swift; sourceTree = "<group>"; };
		397B94171BFA02BC006AB40B /* SpreadSheetCell.swift */ = {isa = PBXFileReference; fileEncoding = 4; lastKnownFileType = sourcecode.swift; path = SpreadSheetCell.swift; sourceTree = "<group>"; };
		397B94181BFA02BC006AB40B /* SpreadSheetCell.xib */ = {isa = PBXFileReference; fileEncoding = 4; lastKnownFileType = file.xib; path = SpreadSheetCell.xib; sourceTree = "<group>"; };
		397B941C1BFB1265006AB40B /* SimpleDataGridViewController.swift */ = {isa = PBXFileReference; fileEncoding = 4; lastKnownFileType = sourcecode.swift; path = SimpleDataGridViewController.swift; sourceTree = "<group>"; };
		399D79851B6BD66D0070BC49 /* DataGridViewLayoutSpec.swift */ = {isa = PBXFileReference; fileEncoding = 4; lastKnownFileType = sourcecode.swift; path = DataGridViewLayoutSpec.swift; sourceTree = "<group>"; };
		399D79881B6BD9F00070BC49 /* NSIndexPath+DataGridSpec.swift */ = {isa = PBXFileReference; fileEncoding = 4; lastKnownFileType = sourcecode.swift; path = "NSIndexPath+DataGridSpec.swift"; sourceTree = "<group>"; };
		39B95ABC1B7B2553003DEE52 /* DataGridViewBaseCellSpec.swift */ = {isa = PBXFileReference; fileEncoding = 4; lastKnownFileType = sourcecode.swift; path = DataGridViewBaseCellSpec.swift; sourceTree = "<group>"; };
		39B95AC11B7CE3E3003DEE52 /* BorderHelperSpec.swift */ = {isa = PBXFileReference; fileEncoding = 4; lastKnownFileType = sourcecode.swift; path = BorderHelperSpec.swift; sourceTree = "<group>"; };
		39B95AC41B7DC095003DEE52 /* DataSource.swift */ = {isa = PBXFileReference; fileEncoding = 4; lastKnownFileType = sourcecode.swift; path = DataSource.swift; sourceTree = "<group>"; };
		56CFED095AE2E74BA9C026B0 /* LICENSE */ = {isa = PBXFileReference; includeInIndex = 1; lastKnownFileType = text; name = LICENSE; path = ../LICENSE; sourceTree = "<group>"; };
		607FACD01AFB9204008FA782 /* GlyuckDataGrid_Example.app */ = {isa = PBXFileReference; explicitFileType = wrapper.application; includeInIndex = 0; path = GlyuckDataGrid_Example.app; sourceTree = BUILT_PRODUCTS_DIR; };
		607FACD41AFB9204008FA782 /* Info.plist */ = {isa = PBXFileReference; lastKnownFileType = text.plist.xml; path = Info.plist; sourceTree = "<group>"; };
		607FACD51AFB9204008FA782 /* AppDelegate.swift */ = {isa = PBXFileReference; lastKnownFileType = sourcecode.swift; path = AppDelegate.swift; sourceTree = "<group>"; };
		607FACDA1AFB9204008FA782 /* Base */ = {isa = PBXFileReference; lastKnownFileType = file.storyboard; name = Base; path = Base.lproj/Main.storyboard; sourceTree = "<group>"; };
		607FACDC1AFB9204008FA782 /* Images.xcassets */ = {isa = PBXFileReference; lastKnownFileType = folder.assetcatalog; path = Images.xcassets; sourceTree = "<group>"; };
		607FACDF1AFB9204008FA782 /* Base */ = {isa = PBXFileReference; lastKnownFileType = file.xib; name = Base; path = Base.lproj/LaunchScreen.xib; sourceTree = "<group>"; };
		607FACE51AFB9204008FA782 /* GlyuckDataGrid_Tests.xctest */ = {isa = PBXFileReference; explicitFileType = wrapper.cfbundle; includeInIndex = 0; path = GlyuckDataGrid_Tests.xctest; sourceTree = BUILT_PRODUCTS_DIR; };
		607FACEA1AFB9204008FA782 /* Info.plist */ = {isa = PBXFileReference; lastKnownFileType = text.plist.xml; path = Info.plist; sourceTree = "<group>"; };
		612E2C7243217BEE44ABECEA /* README.md */ = {isa = PBXFileReference; includeInIndex = 1; lastKnownFileType = net.daringfireball.markdown; name = README.md; path = ../README.md; sourceTree = "<group>"; };
		7B358E392952CA3A22CF26B4 /* Pods-GlyuckDataGrid_Tests.release.xcconfig */ = {isa = PBXFileReference; includeInIndex = 1; lastKnownFileType = text.xcconfig; name = "Pods-GlyuckDataGrid_Tests.release.xcconfig"; path = "Pods/Target Support Files/Pods-GlyuckDataGrid_Tests/Pods-GlyuckDataGrid_Tests.release.xcconfig"; sourceTree = "<group>"; };
		C7229A65CA6966EE549772CF /* Pods-GlyuckDataGrid_Example.release.xcconfig */ = {isa = PBXFileReference; includeInIndex = 1; lastKnownFileType = text.xcconfig; name = "Pods-GlyuckDataGrid_Example.release.xcconfig"; path = "Pods/Target Support Files/Pods-GlyuckDataGrid_Example/Pods-GlyuckDataGrid_Example.release.xcconfig"; sourceTree = "<group>"; };
		CB45F8C2A3EE4BF4BCD701D7 /* Pods-GlyuckDataGrid_Example.debug.xcconfig */ = {isa = PBXFileReference; includeInIndex = 1; lastKnownFileType = text.xcconfig; name = "Pods-GlyuckDataGrid_Example.debug.xcconfig"; path = "Pods/Target Support Files/Pods-GlyuckDataGrid_Example/Pods-GlyuckDataGrid_Example.debug.xcconfig"; sourceTree = "<group>"; };
		D1FE3BC4233B913291CF3404 /* Pods_GlyuckDataGrid_Tests.framework */ = {isa = PBXFileReference; explicitFileType = wrapper.framework; includeInIndex = 0; path = Pods_GlyuckDataGrid_Tests.framework; sourceTree = BUILT_PRODUCTS_DIR; };
		EF663D139FF3117BE1626D0B /* Pods_GlyuckDataGrid_Example.framework */ = {isa = PBXFileReference; explicitFileType = wrapper.framework; includeInIndex = 0; path = Pods_GlyuckDataGrid_Example.framework; sourceTree = BUILT_PRODUCTS_DIR; };
/* End PBXFileReference section */

/* Begin PBXFrameworksBuildPhase section */
		607FACCD1AFB9204008FA782 /* Frameworks */ = {
			isa = PBXFrameworksBuildPhase;
			buildActionMask = 2147483647;
			files = (
				6A9097EB8BB4B6B337BF27CA /* Pods_GlyuckDataGrid_Example.framework in Frameworks */,
			);
			runOnlyForDeploymentPostprocessing = 0;
		};
		607FACE21AFB9204008FA782 /* Frameworks */ = {
			isa = PBXFrameworksBuildPhase;
			buildActionMask = 2147483647;
			files = (
				2444B292EAC7EBBEB94B4BF2 /* Pods_GlyuckDataGrid_Tests.framework in Frameworks */,
			);
			runOnlyForDeploymentPostprocessing = 0;
		};
/* End PBXFrameworksBuildPhase section */

/* Begin PBXGroup section */
		03E22B24F1E90D8668826420 /* Frameworks */ = {
			isa = PBXGroup;
			children = (
				EF663D139FF3117BE1626D0B /* Pods_GlyuckDataGrid_Example.framework */,
				D1FE3BC4233B913291CF3404 /* Pods_GlyuckDataGrid_Tests.framework */,
			);
			name = Frameworks;
			sourceTree = "<group>";
		};
		390C05C01B6FB5420040E5D7 /* Cells */ = {
			isa = PBXGroup;
			children = (
				39B95ABC1B7B2553003DEE52 /* DataGridViewBaseCellSpec.swift */,
				394F1F4D1C046F1500F7F462 /* DataGridViewBaseHeaderCellSpec.swift */,
			);
			path = Cells;
			sourceTree = "<group>";
		};
		394EA4371B6F5D0B00328166 /* TestDoubles */ = {
			isa = PBXGroup;
			children = (
				394EA4381B6F5D1C00328166 /* StubDataGridViewDelegate.swift */,
				394EA43A1B6F5D2900328166 /* StubDataGridViewDataSource.swift */,
			);
			path = TestDoubles;
			sourceTree = "<group>";
		};
		394F1F421C03349C00F7F462 /* MultiplicationTable */ = {
			isa = PBXGroup;
			children = (
				394F1F431C03349C00F7F462 /* MultiplicationTableViewController.swift */,
			);
			path = MultiplicationTable;
			sourceTree = "<group>";
		};
		397B94121BF9FD24006AB40B /* Examples */ = {
			isa = PBXGroup;
			children = (
				394F1F421C03349C00F7F462 /* MultiplicationTable */,
				397B941B1BFB1265006AB40B /* SimpleDataGrid */,
				397B94131BF9FD24006AB40B /* SpreadSheet */,
			);
			path = Examples;
			sourceTree = "<group>";
		};
		397B94131BF9FD24006AB40B /* SpreadSheet */ = {
			isa = PBXGroup;
			children = (
				397B94161BFA0288006AB40B /* Views */,
				397B94141BFA0267006AB40B /* SpreadSheetViewController.swift */,
			);
			path = SpreadSheet;
			sourceTree = "<group>";
		};
		397B94161BFA0288006AB40B /* Views */ = {
			isa = PBXGroup;
			children = (
				397B94171BFA02BC006AB40B /* SpreadSheetCell.swift */,
				397B94181BFA02BC006AB40B /* SpreadSheetCell.xib */,
			);
			path = Views;
			sourceTree = "<group>";
		};
		397B941B1BFB1265006AB40B /* SimpleDataGrid */ = {
			isa = PBXGroup;
			children = (
				397B941C1BFB1265006AB40B /* SimpleDataGridViewController.swift */,
			);
			path = SimpleDataGrid;
			sourceTree = "<group>";
		};
		399D79871B6BD9E10070BC49 /* Utility */ = {
			isa = PBXGroup;
			children = (
				399D79881B6BD9F00070BC49 /* NSIndexPath+DataGridSpec.swift */,
				39B95AC11B7CE3E3003DEE52 /* BorderHelperSpec.swift */,
			);
			path = Utility;
			sourceTree = "<group>";
		};
		607FACC71AFB9204008FA782 = {
			isa = PBXGroup;
			children = (
				607FACF51AFB993E008FA782 /* Podspec Metadata */,
				607FACD21AFB9204008FA782 /* Example for GlyuckDataGrid */,
				607FACE81AFB9204008FA782 /* Tests */,
				607FACD11AFB9204008FA782 /* Products */,
				B5660EDE9A9CD809C662037C /* Pods */,
				03E22B24F1E90D8668826420 /* Frameworks */,
			);
			sourceTree = "<group>";
		};
		607FACD11AFB9204008FA782 /* Products */ = {
			isa = PBXGroup;
			children = (
				607FACD01AFB9204008FA782 /* GlyuckDataGrid_Example.app */,
				607FACE51AFB9204008FA782 /* GlyuckDataGrid_Tests.xctest */,
			);
			name = Products;
			sourceTree = "<group>";
		};
		607FACD21AFB9204008FA782 /* Example for GlyuckDataGrid */ = {
			isa = PBXGroup;
			children = (
				397B94121BF9FD24006AB40B /* Examples */,
				607FACD51AFB9204008FA782 /* AppDelegate.swift */,
				607FACD91AFB9204008FA782 /* Main.storyboard */,
				607FACDC1AFB9204008FA782 /* Images.xcassets */,
				607FACDE1AFB9204008FA782 /* LaunchScreen.xib */,
				607FACD31AFB9204008FA782 /* Supporting Files */,
				39B95AC41B7DC095003DEE52 /* DataSource.swift */,
			);
			name = "Example for GlyuckDataGrid";
			path = GlyuckDataGrid;
			sourceTree = "<group>";
		};
		607FACD31AFB9204008FA782 /* Supporting Files */ = {
			isa = PBXGroup;
			children = (
				607FACD41AFB9204008FA782 /* Info.plist */,
			);
			name = "Supporting Files";
			sourceTree = "<group>";
		};
		607FACE81AFB9204008FA782 /* Tests */ = {
			isa = PBXGroup;
			children = (
				390C05C01B6FB5420040E5D7 /* Cells */,
				394EA4371B6F5D0B00328166 /* TestDoubles */,
				399D79871B6BD9E10070BC49 /* Utility */,
				390C05C71B6FBA730040E5D7 /* CollectionViewDataSourceSpec.swift */,
				3941988C1B81FABC008BC0E7 /* CollectionViewDelegateSpec.swift */,
				394EA4341B6BDFB100328166 /* DataGridViewSpec.swift */,
				399D79851B6BD66D0070BC49 /* DataGridViewLayoutSpec.swift */,
				607FACE91AFB9204008FA782 /* Supporting Files */,
			);
			path = Tests;
			sourceTree = "<group>";
		};
		607FACE91AFB9204008FA782 /* Supporting Files */ = {
			isa = PBXGroup;
			children = (
				607FACEA1AFB9204008FA782 /* Info.plist */,
			);
			name = "Supporting Files";
			sourceTree = "<group>";
		};
		607FACF51AFB993E008FA782 /* Podspec Metadata */ = {
			isa = PBXGroup;
			children = (
				0E41F53698DC87B16E459BA3 /* GlyuckDataGrid.podspec */,
				612E2C7243217BEE44ABECEA /* README.md */,
				56CFED095AE2E74BA9C026B0 /* LICENSE */,
			);
			name = "Podspec Metadata";
			sourceTree = "<group>";
		};
		B5660EDE9A9CD809C662037C /* Pods */ = {
			isa = PBXGroup;
			children = (
				CB45F8C2A3EE4BF4BCD701D7 /* Pods-GlyuckDataGrid_Example.debug.xcconfig */,
				C7229A65CA6966EE549772CF /* Pods-GlyuckDataGrid_Example.release.xcconfig */,
				04AA3CDDD7A3895ECFDD48B6 /* Pods-GlyuckDataGrid_Tests.debug.xcconfig */,
				7B358E392952CA3A22CF26B4 /* Pods-GlyuckDataGrid_Tests.release.xcconfig */,
			);
			name = Pods;
			sourceTree = "<group>";
		};
/* End PBXGroup section */

/* Begin PBXNativeTarget section */
		607FACCF1AFB9204008FA782 /* GlyuckDataGrid_Example */ = {
			isa = PBXNativeTarget;
			buildConfigurationList = 607FACEF1AFB9204008FA782 /* Build configuration list for PBXNativeTarget "GlyuckDataGrid_Example" */;
			buildPhases = (
				F018D6774197F0D5B96E0D96 /* [CP] Check Pods Manifest.lock */,
				607FACCC1AFB9204008FA782 /* Sources */,
				607FACCD1AFB9204008FA782 /* Frameworks */,
				607FACCE1AFB9204008FA782 /* Resources */,
				F475821A0549D1A0BF818838 /* [CP] Embed Pods Frameworks */,
				093B26BBDC98DD67073F13D7 /* [CP] Copy Pods Resources */,
			);
			buildRules = (
			);
			dependencies = (
			);
			name = GlyuckDataGrid_Example;
			productName = GlyuckDataGrid;
			productReference = 607FACD01AFB9204008FA782 /* GlyuckDataGrid_Example.app */;
			productType = "com.apple.product-type.application";
		};
		607FACE41AFB9204008FA782 /* GlyuckDataGrid_Tests */ = {
			isa = PBXNativeTarget;
			buildConfigurationList = 607FACF21AFB9204008FA782 /* Build configuration list for PBXNativeTarget "GlyuckDataGrid_Tests" */;
			buildPhases = (
				828250D15011D84DEB8923B8 /* [CP] Check Pods Manifest.lock */,
				607FACE11AFB9204008FA782 /* Sources */,
				607FACE21AFB9204008FA782 /* Frameworks */,
				607FACE31AFB9204008FA782 /* Resources */,
				3B023957F5AEF07B18EA2212 /* [CP] Embed Pods Frameworks */,
				1107411C237B189882701FEC /* [CP] Copy Pods Resources */,
			);
			buildRules = (
			);
			dependencies = (
				607FACE71AFB9204008FA782 /* PBXTargetDependency */,
			);
			name = GlyuckDataGrid_Tests;
			productName = Tests;
			productReference = 607FACE51AFB9204008FA782 /* GlyuckDataGrid_Tests.xctest */;
			productType = "com.apple.product-type.bundle.unit-test";
		};
/* End PBXNativeTarget section */

/* Begin PBXProject section */
		607FACC81AFB9204008FA782 /* Project object */ = {
			isa = PBXProject;
			attributes = {
				LastSwiftUpdateCheck = 0700;
				LastUpgradeCheck = 0700;
				ORGANIZATIONNAME = CocoaPods;
				TargetAttributes = {
					607FACCF1AFB9204008FA782 = {
						CreatedOnToolsVersion = 6.3.1;
					};
					607FACE41AFB9204008FA782 = {
						CreatedOnToolsVersion = 6.3.1;
						TestTargetID = 607FACCF1AFB9204008FA782;
					};
				};
			};
			buildConfigurationList = 607FACCB1AFB9204008FA782 /* Build configuration list for PBXProject "GlyuckDataGrid" */;
			compatibilityVersion = "Xcode 3.2";
			developmentRegion = English;
			hasScannedForEncodings = 0;
			knownRegions = (
				en,
				Base,
			);
			mainGroup = 607FACC71AFB9204008FA782;
			productRefGroup = 607FACD11AFB9204008FA782 /* Products */;
			projectDirPath = "";
			projectRoot = "";
			targets = (
				607FACCF1AFB9204008FA782 /* GlyuckDataGrid_Example */,
				607FACE41AFB9204008FA782 /* GlyuckDataGrid_Tests */,
			);
		};
/* End PBXProject section */

/* Begin PBXResourcesBuildPhase section */
		607FACCE1AFB9204008FA782 /* Resources */ = {
			isa = PBXResourcesBuildPhase;
			buildActionMask = 2147483647;
			files = (
				607FACDB1AFB9204008FA782 /* Main.storyboard in Resources */,
				607FACE01AFB9204008FA782 /* LaunchScreen.xib in Resources */,
				607FACDD1AFB9204008FA782 /* Images.xcassets in Resources */,
				397B941A1BFA02BC006AB40B /* SpreadSheetCell.xib in Resources */,
			);
			runOnlyForDeploymentPostprocessing = 0;
		};
		607FACE31AFB9204008FA782 /* Resources */ = {
			isa = PBXResourcesBuildPhase;
			buildActionMask = 2147483647;
			files = (
			);
			runOnlyForDeploymentPostprocessing = 0;
		};
/* End PBXResourcesBuildPhase section */

/* Begin PBXShellScriptBuildPhase section */
		093B26BBDC98DD67073F13D7 /* [CP] Copy Pods Resources */ = {
			isa = PBXShellScriptBuildPhase;
			buildActionMask = 2147483647;
			files = (
			);
			inputPaths = (
			);
			name = "[CP] Copy Pods Resources";
			outputPaths = (
			);
			runOnlyForDeploymentPostprocessing = 0;
			shellPath = /bin/sh;
			shellScript = "\"${SRCROOT}/Pods/Target Support Files/Pods-GlyuckDataGrid_Example/Pods-GlyuckDataGrid_Example-resources.sh\"\n";
			showEnvVarsInLog = 0;
		};
		1107411C237B189882701FEC /* [CP] Copy Pods Resources */ = {
			isa = PBXShellScriptBuildPhase;
			buildActionMask = 2147483647;
			files = (
			);
			inputPaths = (
			);
			name = "[CP] Copy Pods Resources";
			outputPaths = (
			);
			runOnlyForDeploymentPostprocessing = 0;
			shellPath = /bin/sh;
			shellScript = "\"${SRCROOT}/Pods/Target Support Files/Pods-GlyuckDataGrid_Tests/Pods-GlyuckDataGrid_Tests-resources.sh\"\n";
			showEnvVarsInLog = 0;
		};
		3B023957F5AEF07B18EA2212 /* [CP] Embed Pods Frameworks */ = {
			isa = PBXShellScriptBuildPhase;
			buildActionMask = 2147483647;
			files = (
			);
			inputPaths = (
			);
			name = "[CP] Embed Pods Frameworks";
			outputPaths = (
			);
			runOnlyForDeploymentPostprocessing = 0;
			shellPath = /bin/sh;
			shellScript = "\"${SRCROOT}/Pods/Target Support Files/Pods-GlyuckDataGrid_Tests/Pods-GlyuckDataGrid_Tests-frameworks.sh\"\n";
			showEnvVarsInLog = 0;
		};
		828250D15011D84DEB8923B8 /* [CP] Check Pods Manifest.lock */ = {
			isa = PBXShellScriptBuildPhase;
			buildActionMask = 2147483647;
			files = (
			);
			inputPaths = (
			);
			name = "[CP] Check Pods Manifest.lock";
			outputPaths = (
			);
			runOnlyForDeploymentPostprocessing = 0;
			shellPath = /bin/sh;
			shellScript = "diff \"${PODS_ROOT}/../Podfile.lock\" \"${PODS_ROOT}/Manifest.lock\" > /dev/null\nif [[ $? != 0 ]] ; then\n    cat << EOM\nerror: The sandbox is not in sync with the Podfile.lock. Run 'pod install' or update your CocoaPods installation.\nEOM\n    exit 1\nfi\n";
			showEnvVarsInLog = 0;
		};
		F018D6774197F0D5B96E0D96 /* [CP] Check Pods Manifest.lock */ = {
			isa = PBXShellScriptBuildPhase;
			buildActionMask = 2147483647;
			files = (
			);
			inputPaths = (
			);
			name = "[CP] Check Pods Manifest.lock";
			outputPaths = (
			);
			runOnlyForDeploymentPostprocessing = 0;
			shellPath = /bin/sh;
			shellScript = "diff \"${PODS_ROOT}/../Podfile.lock\" \"${PODS_ROOT}/Manifest.lock\" > /dev/null\nif [[ $? != 0 ]] ; then\n    cat << EOM\nerror: The sandbox is not in sync with the Podfile.lock. Run 'pod install' or update your CocoaPods installation.\nEOM\n    exit 1\nfi\n";
			showEnvVarsInLog = 0;
		};
		F475821A0549D1A0BF818838 /* [CP] Embed Pods Frameworks */ = {
			isa = PBXShellScriptBuildPhase;
			buildActionMask = 2147483647;
			files = (
			);
			inputPaths = (
			);
			name = "[CP] Embed Pods Frameworks";
			outputPaths = (
			);
			runOnlyForDeploymentPostprocessing = 0;
			shellPath = /bin/sh;
			shellScript = "\"${SRCROOT}/Pods/Target Support Files/Pods-GlyuckDataGrid_Example/Pods-GlyuckDataGrid_Example-frameworks.sh\"\n";
			showEnvVarsInLog = 0;
		};
/* End PBXShellScriptBuildPhase section */

/* Begin PBXSourcesBuildPhase section */
		607FACCC1AFB9204008FA782 /* Sources */ = {
			isa = PBXSourcesBuildPhase;
			buildActionMask = 2147483647;
			files = (
				397B94191BFA02BC006AB40B /* SpreadSheetCell.swift in Sources */,
				39B95AC51B7DC095003DEE52 /* DataSource.swift in Sources */,
				397B94151BFA0267006AB40B /* SpreadSheetViewController.swift in Sources */,
				394F1F441C03349C00F7F462 /* MultiplicationTableViewController.swift in Sources */,
				607FACD61AFB9204008FA782 /* AppDelegate.swift in Sources */,
				397B941D1BFB1265006AB40B /* SimpleDataGridViewController.swift in Sources */,
			);
			runOnlyForDeploymentPostprocessing = 0;
		};
		607FACE11AFB9204008FA782 /* Sources */ = {
			isa = PBXSourcesBuildPhase;
			buildActionMask = 2147483647;
			files = (
				399D79891B6BD9F00070BC49 /* NSIndexPath+DataGridSpec.swift in Sources */,
				394EA43D1B6F5DC900328166 /* StubDataGridViewDataSource.swift in Sources */,
				3941988E1B81FABF008BC0E7 /* CollectionViewDelegateSpec.swift in Sources */,
				39B95AC31B7CE3E6003DEE52 /* BorderHelperSpec.swift in Sources */,
				394EA43C1B6F5DC700328166 /* StubDataGridViewDelegate.swift in Sources */,
				399D79861B6BD66D0070BC49 /* DataGridViewLayoutSpec.swift in Sources */,
				39B95ABE1B7B2E7D003DEE52 /* DataGridViewBaseCellSpec.swift in Sources */,
				390C05C81B6FBA730040E5D7 /* CollectionViewDataSourceSpec.swift in Sources */,
				394EA4361B6F498E00328166 /* DataGridViewSpec.swift in Sources */,
				394E845C1C048F600009CD3E /* DataGridViewBaseHeaderCellSpec.swift in Sources */,
			);
			runOnlyForDeploymentPostprocessing = 0;
		};
/* End PBXSourcesBuildPhase section */

/* Begin PBXTargetDependency section */
		607FACE71AFB9204008FA782 /* PBXTargetDependency */ = {
			isa = PBXTargetDependency;
			target = 607FACCF1AFB9204008FA782 /* GlyuckDataGrid_Example */;
			targetProxy = 607FACE61AFB9204008FA782 /* PBXContainerItemProxy */;
		};
/* End PBXTargetDependency section */

/* Begin PBXVariantGroup section */
		607FACD91AFB9204008FA782 /* Main.storyboard */ = {
			isa = PBXVariantGroup;
			children = (
				607FACDA1AFB9204008FA782 /* Base */,
			);
			name = Main.storyboard;
			sourceTree = "<group>";
		};
		607FACDE1AFB9204008FA782 /* LaunchScreen.xib */ = {
			isa = PBXVariantGroup;
			children = (
				607FACDF1AFB9204008FA782 /* Base */,
			);
			name = LaunchScreen.xib;
			sourceTree = "<group>";
		};
/* End PBXVariantGroup section */

/* Begin XCBuildConfiguration section */
		607FACED1AFB9204008FA782 /* Debug */ = {
			isa = XCBuildConfiguration;
			buildSettings = {
				ALWAYS_SEARCH_USER_PATHS = NO;
				CLANG_CXX_LANGUAGE_STANDARD = "gnu++0x";
				CLANG_CXX_LIBRARY = "libc++";
				CLANG_ENABLE_MODULES = YES;
				CLANG_ENABLE_OBJC_ARC = YES;
				CLANG_WARN_BOOL_CONVERSION = YES;
				CLANG_WARN_CONSTANT_CONVERSION = YES;
				CLANG_WARN_DIRECT_OBJC_ISA_USAGE = YES_ERROR;
				CLANG_WARN_EMPTY_BODY = YES;
				CLANG_WARN_ENUM_CONVERSION = YES;
				CLANG_WARN_INT_CONVERSION = YES;
				CLANG_WARN_OBJC_ROOT_CLASS = YES_ERROR;
				CLANG_WARN_UNREACHABLE_CODE = YES;
				CLANG_WARN__DUPLICATE_METHOD_MATCH = YES;
				"CODE_SIGN_IDENTITY[sdk=iphoneos*]" = "iPhone Developer";
				COPY_PHASE_STRIP = NO;
				DEBUG_INFORMATION_FORMAT = "dwarf-with-dsym";
				ENABLE_STRICT_OBJC_MSGSEND = YES;
				ENABLE_TESTABILITY = YES;
				GCC_C_LANGUAGE_STANDARD = gnu99;
				GCC_DYNAMIC_NO_PIC = NO;
				GCC_NO_COMMON_BLOCKS = YES;
				GCC_OPTIMIZATION_LEVEL = 0;
				GCC_PREPROCESSOR_DEFINITIONS = (
					"DEBUG=1",
					"$(inherited)",
				);
				GCC_SYMBOLS_PRIVATE_EXTERN = NO;
				GCC_WARN_64_TO_32_BIT_CONVERSION = YES;
				GCC_WARN_ABOUT_RETURN_TYPE = YES_ERROR;
				GCC_WARN_UNDECLARED_SELECTOR = YES;
				GCC_WARN_UNINITIALIZED_AUTOS = YES_AGGRESSIVE;
				GCC_WARN_UNUSED_FUNCTION = YES;
				GCC_WARN_UNUSED_VARIABLE = YES;
				IPHONEOS_DEPLOYMENT_TARGET = 8.3;
				MTL_ENABLE_DEBUG_INFO = YES;
				ONLY_ACTIVE_ARCH = YES;
				SDKROOT = iphoneos;
				SWIFT_OPTIMIZATION_LEVEL = "-Onone";
			};
			name = Debug;
		};
		607FACEE1AFB9204008FA782 /* Release */ = {
			isa = XCBuildConfiguration;
			buildSettings = {
				ALWAYS_SEARCH_USER_PATHS = NO;
				CLANG_CXX_LANGUAGE_STANDARD = "gnu++0x";
				CLANG_CXX_LIBRARY = "libc++";
				CLANG_ENABLE_MODULES = YES;
				CLANG_ENABLE_OBJC_ARC = YES;
				CLANG_WARN_BOOL_CONVERSION = YES;
				CLANG_WARN_CONSTANT_CONVERSION = YES;
				CLANG_WARN_DIRECT_OBJC_ISA_USAGE = YES_ERROR;
				CLANG_WARN_EMPTY_BODY = YES;
				CLANG_WARN_ENUM_CONVERSION = YES;
				CLANG_WARN_INT_CONVERSION = YES;
				CLANG_WARN_OBJC_ROOT_CLASS = YES_ERROR;
				CLANG_WARN_UNREACHABLE_CODE = YES;
				CLANG_WARN__DUPLICATE_METHOD_MATCH = YES;
				"CODE_SIGN_IDENTITY[sdk=iphoneos*]" = "iPhone Developer";
				COPY_PHASE_STRIP = NO;
				DEBUG_INFORMATION_FORMAT = "dwarf-with-dsym";
				ENABLE_NS_ASSERTIONS = NO;
				ENABLE_STRICT_OBJC_MSGSEND = YES;
				GCC_C_LANGUAGE_STANDARD = gnu99;
				GCC_NO_COMMON_BLOCKS = YES;
				GCC_WARN_64_TO_32_BIT_CONVERSION = YES;
				GCC_WARN_ABOUT_RETURN_TYPE = YES_ERROR;
				GCC_WARN_UNDECLARED_SELECTOR = YES;
				GCC_WARN_UNINITIALIZED_AUTOS = YES_AGGRESSIVE;
				GCC_WARN_UNUSED_FUNCTION = YES;
				GCC_WARN_UNUSED_VARIABLE = YES;
				IPHONEOS_DEPLOYMENT_TARGET = 8.3;
				MTL_ENABLE_DEBUG_INFO = NO;
				SDKROOT = iphoneos;
				VALIDATE_PRODUCT = YES;
			};
			name = Release;
		};
		607FACF01AFB9204008FA782 /* Debug */ = {
			isa = XCBuildConfiguration;
			baseConfigurationReference = CB45F8C2A3EE4BF4BCD701D7 /* Pods-GlyuckDataGrid_Example.debug.xcconfig */;
			buildSettings = {
				ASSETCATALOG_COMPILER_APPICON_NAME = AppIcon;
				INFOPLIST_FILE = GlyuckDataGrid/Info.plist;
				LD_RUNPATH_SEARCH_PATHS = "$(inherited) @executable_path/Frameworks";
				MODULE_NAME = ExampleApp;
				PRODUCT_BUNDLE_IDENTIFIER = "org.cocoapods.demo.$(PRODUCT_NAME:rfc1034identifier)";
				PRODUCT_NAME = "$(TARGET_NAME)";
			};
			name = Debug;
		};
		607FACF11AFB9204008FA782 /* Release */ = {
			isa = XCBuildConfiguration;
			baseConfigurationReference = C7229A65CA6966EE549772CF /* Pods-GlyuckDataGrid_Example.release.xcconfig */;
			buildSettings = {
				ASSETCATALOG_COMPILER_APPICON_NAME = AppIcon;
				INFOPLIST_FILE = GlyuckDataGrid/Info.plist;
				LD_RUNPATH_SEARCH_PATHS = "$(inherited) @executable_path/Frameworks";
				MODULE_NAME = ExampleApp;
				PRODUCT_BUNDLE_IDENTIFIER = "org.cocoapods.demo.$(PRODUCT_NAME:rfc1034identifier)";
				PRODUCT_NAME = "$(TARGET_NAME)";
			};
			name = Release;
		};
		607FACF31AFB9204008FA782 /* Debug */ = {
			isa = XCBuildConfiguration;
			baseConfigurationReference = 04AA3CDDD7A3895ECFDD48B6 /* Pods-GlyuckDataGrid_Tests.debug.xcconfig */;
			buildSettings = {
				BUNDLE_LOADER = "$(TEST_HOST)";
				FRAMEWORK_SEARCH_PATHS = (
					"$(SDKROOT)/Developer/Library/Frameworks",
					"$(inherited)",
				);
				GCC_PREPROCESSOR_DEFINITIONS = (
					"DEBUG=1",
					"$(inherited)",
				);
				INFOPLIST_FILE = Tests/Info.plist;
				LD_RUNPATH_SEARCH_PATHS = "$(inherited) @executable_path/Frameworks @loader_path/Frameworks";
				PRODUCT_BUNDLE_IDENTIFIER = "org.cocoapods.$(PRODUCT_NAME:rfc1034identifier)";
				PRODUCT_NAME = "$(TARGET_NAME)";
				TEST_HOST = "$(BUILT_PRODUCTS_DIR)/GlyuckDataGrid_Example.app/GlyuckDataGrid_Example";
			};
			name = Debug;
		};
		607FACF41AFB9204008FA782 /* Release */ = {
			isa = XCBuildConfiguration;
			baseConfigurationReference = 7B358E392952CA3A22CF26B4 /* Pods-GlyuckDataGrid_Tests.release.xcconfig */;
			buildSettings = {
				BUNDLE_LOADER = "$(TEST_HOST)";
				FRAMEWORK_SEARCH_PATHS = (
					"$(SDKROOT)/Developer/Library/Frameworks",
					"$(inherited)",
				);
				INFOPLIST_FILE = Tests/Info.plist;
				LD_RUNPATH_SEARCH_PATHS = "$(inherited) @executable_path/Frameworks @loader_path/Frameworks";
				PRODUCT_BUNDLE_IDENTIFIER = "org.cocoapods.$(PRODUCT_NAME:rfc1034identifier)";
				PRODUCT_NAME = "$(TARGET_NAME)";
				TEST_HOST = "$(BUILT_PRODUCTS_DIR)/GlyuckDataGrid_Example.app/GlyuckDataGrid_Example";
			};
			name = Release;
		};
/* End XCBuildConfiguration section */

/* Begin XCConfigurationList section */
		607FACCB1AFB9204008FA782 /* Build configuration list for PBXProject "GlyuckDataGrid" */ = {
			isa = XCConfigurationList;
			buildConfigurations = (
				607FACED1AFB9204008FA782 /* Debug */,
				607FACEE1AFB9204008FA782 /* Release */,
			);
			defaultConfigurationIsVisible = 0;
			defaultConfigurationName = Release;
		};
		607FACEF1AFB9204008FA782 /* Build configuration list for PBXNativeTarget "GlyuckDataGrid_Example" */ = {
			isa = XCConfigurationList;
			buildConfigurations = (
				607FACF01AFB9204008FA782 /* Debug */,
				607FACF11AFB9204008FA782 /* Release */,
			);
			defaultConfigurationIsVisible = 0;
			defaultConfigurationName = Release;
		};
		607FACF21AFB9204008FA782 /* Build configuration list for PBXNativeTarget "GlyuckDataGrid_Tests" */ = {
			isa = XCConfigurationList;
			buildConfigurations = (
				607FACF31AFB9204008FA782 /* Debug */,
				607FACF41AFB9204008FA782 /* Release */,
			);
			defaultConfigurationIsVisible = 0;
			defaultConfigurationName = Release;
		};
/* End XCConfigurationList section */
	};
	rootObject = 607FACC81AFB9204008FA782 /* Project object */;
}
